
Microsoft Visual Studio Solution File, Format Version 12.00
# Visual Studio Version 16
VisualStudioVersion = 16.0.31911.196
MinimumVisualStudioVersion = 10.0.40219.1
Project("{9A19103F-16F7-4668-BE54-9A1E7A4F7556}") = "AdvancedMapParser", "AdvancedMapParser.csproj", "{18D5AD36-F4A3-4B1A-AB2C-04577C2614E7}"
EndProject
Global
	GlobalSection(SolutionConfigurationPlatforms) = preSolution
		Debug|Any CPU = Debug|Any CPU
		Debug|x64 = Debug|x64
		Debug|x86 = Debug|x86
		Release|Any CPU = Release|Any CPU
		Release|x64 = Release|x64
		Release|x86 = Release|x86
	EndGlobalSection
	GlobalSection(ProjectConfigurationPlatforms) = postSolution
		{18D5AD36-F4A3-4B1A-AB2C-04577C2614E7}.Debug|Any CPU.ActiveCfg = Debug|Any CPU
		{18D5AD36-F4A3-4B1A-AB2C-04577C2614E7}.Debug|Any CPU.Build.0 = Debug|Any CPU
		{18D5AD36-F4A3-4B1A-AB2C-04577C2614E7}.Debug|x64.ActiveCfg = Debug|x64
		{18D5AD36-F4A3-4B1A-AB2C-04577C2614E7}.Debug|x64.Build.0 = Debug|x64
		{18D5AD36-F4A3-4B1A-AB2C-04577C2614E7}.Debug|x86.ActiveCfg = Debug|x86
		{18D5AD36-F4A3-4B1A-AB2C-04577C2614E7}.Debug|x86.Build.0 = Debug|x86
		{18D5AD36-F4A3-4B1A-AB2C-04577C2614E7}.Release|Any CPU.ActiveCfg = Release|Any CPU
		{18D5AD36-F4A3-4B1A-AB2C-04577C2614E7}.Release|Any CPU.Build.0 = Release|Any CPU
		{18D5AD36-F4A3-4B1A-AB2C-04577C2614E7}.Release|x64.ActiveCfg = Release|x64
		{18D5AD36-F4A3-4B1A-AB2C-04577C2614E7}.Release|x64.Build.0 = Release|x64
		{18D5AD36-F4A3-4B1A-AB2C-04577C2614E7}.Release|x86.ActiveCfg = Release|x86
		{18D5AD36-F4A3-4B1A-AB2C-04577C2614E7}.Release|x86.Build.0 = Release|x86
	EndGlobalSection
	GlobalSection(SolutionProperties) = preSolution
		HideSolutionNode = FALSE
	EndGlobalSection
	GlobalSection(ExtensibilityGlobals) = postSolution
		SolutionGuid = {9D7B3B64-1C97-4B25-8B65-C0C58CA57854}
	EndGlobalSection
EndGlobal
